
Microsoft Visual Studio Solution File, Format Version 12.00
# Visual Studio Version 16
VisualStudioVersion = 16.0.31019.35
MinimumVisualStudioVersion = 10.0.40219.1
Project("{FAE04EC0-301F-11D3-BF4B-00C04F79EFBC}") = "LazyLoading.UWP", "LazyLoading\LazyLoading.UWP\LazyLoading.UWP.csproj", "{9FCDFF11-DE3B-46E9-9699-067E72798151}"
EndProject
Project("{FAE04EC0-301F-11D3-BF4B-00C04F79EFBC}") = "LazyLoading.Android", "LazyLoading\LazyLoading.Android\LazyLoading.Android.csproj", "{97FA9498-1242-46C4-BF11-46D898488C72}"
EndProject
Project("{FAE04EC0-301F-11D3-BF4B-00C04F79EFBC}") = "LazyLoading.iOS", "LazyLoading\LazyLoading.iOS\LazyLoading.iOS.csproj", "{7AE1FC7F-B52E-4AEB-93DF-C4CB41A48001}"
EndProject
Project("{FAE04EC0-301F-11D3-BF4B-00C04F79EFBC}") = "LazyLoading", "LazyLoading\LazyLoading\LazyLoading.csproj", "{400A5421-C860-4DE2-BD5D-DC351A2C8789}"
EndProject
Global
	GlobalSection(SolutionConfigurationPlatforms) = preSolution
		Debug|Any CPU = Debug|Any CPU
		Debug|ARM = Debug|ARM
		Debug|iPhone = Debug|iPhone
		Debug|iPhoneSimulator = Debug|iPhoneSimulator
		Debug|x64 = Debug|x64
		Debug|x86 = Debug|x86
		Release|Any CPU = Release|Any CPU
		Release|ARM = Release|ARM
		Release|iPhone = Release|iPhone
		Release|iPhoneSimulator = Release|iPhoneSimulator
		Release|x64 = Release|x64
		Release|x86 = Release|x86
	EndGlobalSection
	GlobalSection(ProjectConfigurationPlatforms) = postSolution
		{9FCDFF11-DE3B-46E9-9699-067E72798151}.Debug|Any CPU.ActiveCfg = Debug|x86
		{9FCDFF11-DE3B-46E9-9699-067E72798151}.Debug|Any CPU.Build.0 = Debug|x86
		{9FCDFF11-DE3B-46E9-9699-067E72798151}.Debug|Any CPU.Deploy.0 = Debug|x86
		{9FCDFF11-DE3B-46E9-9699-067E72798151}.Debug|ARM.ActiveCfg = Debug|ARM
		{9FCDFF11-DE3B-46E9-9699-067E72798151}.Debug|ARM.Build.0 = Debug|ARM
		{9FCDFF11-DE3B-46E9-9699-067E72798151}.Debug|ARM.Deploy.0 = Debug|ARM
		{9FCDFF11-DE3B-46E9-9699-067E72798151}.Debug|iPhone.ActiveCfg = Debug|x86
		{9FCDFF11-DE3B-46E9-9699-067E72798151}.Debug|iPhone.Build.0 = Debug|x86
		{9FCDFF11-DE3B-46E9-9699-067E72798151}.Debug|iPhone.Deploy.0 = Debug|x86
		{9FCDFF11-DE3B-46E9-9699-067E72798151}.Debug|iPhoneSimulator.ActiveCfg = Debug|x86
		{9FCDFF11-DE3B-46E9-9699-067E72798151}.Debug|iPhoneSimulator.Build.0 = Debug|x86
		{9FCDFF11-DE3B-46E9-9699-067E72798151}.Debug|iPhoneSimulator.Deploy.0 = Debug|x86
		{9FCDFF11-DE3B-46E9-9699-067E72798151}.Debug|x64.ActiveCfg = Debug|x64
		{9FCDFF11-DE3B-46E9-9699-067E72798151}.Debug|x64.Build.0 = Debug|x64
		{9FCDFF11-DE3B-46E9-9699-067E72798151}.Debug|x64.Deploy.0 = Debug|x64
		{9FCDFF11-DE3B-46E9-9699-067E72798151}.Debug|x86.ActiveCfg = Debug|x86
		{9FCDFF11-DE3B-46E9-9699-067E72798151}.Debug|x86.Build.0 = Debug|x86
		{9FCDFF11-DE3B-46E9-9699-067E72798151}.Debug|x86.Deploy.0 = Debug|x86
		{9FCDFF11-DE3B-46E9-9699-067E72798151}.Release|Any CPU.ActiveCfg = Release|x86
		{9FCDFF11-DE3B-46E9-9699-067E72798151}.Release|Any CPU.Build.0 = Release|x86
		{9FCDFF11-DE3B-46E9-9699-067E72798151}.Release|Any CPU.Deploy.0 = Release|x86
		{9FCDFF11-DE3B-46E9-9699-067E72798151}.Release|ARM.ActiveCfg = Release|ARM
		{9FCDFF11-DE3B-46E9-9699-067E72798151}.Release|ARM.Build.0 = Release|ARM
		{9FCDFF11-DE3B-46E9-9699-067E72798151}.Release|ARM.Deploy.0 = Release|ARM
		{9FCDFF11-DE3B-46E9-9699-067E72798151}.Release|iPhone.ActiveCfg = Release|x86
		{9FCDFF11-DE3B-46E9-9699-067E72798151}.Release|iPhone.Build.0 = Release|x86
		{9FCDFF11-DE3B-46E9-9699-067E72798151}.Release|iPhone.Deploy.0 = Release|x86
		{9FCDFF11-DE3B-46E9-9699-067E72798151}.Release|iPhoneSimulator.ActiveCfg = Release|x86
		{9FCDFF11-DE3B-46E9-9699-067E72798151}.Release|iPhoneSimulator.Build.0 = Release|x86
		{9FCDFF11-DE3B-46E9-9699-067E72798151}.Release|iPhoneSimulator.Deploy.0 = Release|x86
		{9FCDFF11-DE3B-46E9-9699-067E72798151}.Release|x64.ActiveCfg = Release|x64
		{9FCDFF11-DE3B-46E9-9699-067E72798151}.Release|x64.Build.0 = Release|x64
		{9FCDFF11-DE3B-46E9-9699-067E72798151}.Release|x64.Deploy.0 = Release|x64
		{9FCDFF11-DE3B-46E9-9699-067E72798151}.Release|x86.ActiveCfg = Release|x86
		{9FCDFF11-DE3B-46E9-9699-067E72798151}.Release|x86.Build.0 = Release|x86
		{9FCDFF11-DE3B-46E9-9699-067E72798151}.Release|x86.Deploy.0 = Release|x86
		{97FA9498-1242-46C4-BF11-46D898488C72}.Debug|Any CPU.ActiveCfg = Debug|Any CPU
		{97FA9498-1242-46C4-BF11-46D898488C72}.Debug|Any CPU.Build.0 = Debug|Any CPU
		{97FA9498-1242-46C4-BF11-46D898488C72}.Debug|Any CPU.Deploy.0 = Debug|Any CPU
		{97FA9498-1242-46C4-BF11-46D898488C72}.Debug|ARM.ActiveCfg = Debug|Any CPU
		{97FA9498-1242-46C4-BF11-46D898488C72}.Debug|ARM.Build.0 = Debug|Any CPU
		{97FA9498-1242-46C4-BF11-46D898488C72}.Debug|ARM.Deploy.0 = Debug|Any CPU
		{97FA9498-1242-46C4-BF11-46D898488C72}.Debug|iPhone.ActiveCfg = Debug|Any CPU
		{97FA9498-1242-46C4-BF11-46D898488C72}.Debug|iPhone.Build.0 = Debug|Any CPU
		{97FA9498-1242-46C4-BF11-46D898488C72}.Debug|iPhone.Deploy.0 = Debug|Any CPU
		{97FA9498-1242-46C4-BF11-46D898488C72}.Debug|iPhoneSimulator.ActiveCfg = Debug|Any CPU
		{97FA9498-1242-46C4-BF11-46D898488C72}.Debug|iPhoneSimulator.Build.0 = Debug|Any CPU
		{97FA9498-1242-46C4-BF11-46D898488C72}.Debug|iPhoneSimulator.Deploy.0 = Debug|Any CPU
		{97FA9498-1242-46C4-BF11-46D898488C72}.Debug|x64.ActiveCfg = Debug|Any CPU
		{97FA9498-1242-46C4-BF11-46D898488C72}.Debug|x64.Build.0 = Debug|Any CPU
		{97FA9498-1242-46C4-BF11-46D898488C72}.Debug|x64.Deploy.0 = Debug|Any CPU
		{97FA9498-1242-46C4-BF11-46D898488C72}.Debug|x86.ActiveCfg = Debug|Any CPU
		{97FA9498-1242-46C4-BF11-46D898488C72}.Debug|x86.Build.0 = Debug|Any CPU
		{97FA9498-1242-46C4-BF11-46D898488C72}.Debug|x86.Deploy.0 = Debug|Any CPU
		{97FA9498-1242-46C4-BF11-46D898488C72}.Release|Any CPU.ActiveCfg = Release|Any CPU
		{97FA9498-1242-46C4-BF11-46D898488C72}.Release|Any CPU.Build.0 = Release|Any CPU
		{97FA9498-1242-46C4-BF11-46D898488C72}.Release|Any CPU.Deploy.0 = Release|Any CPU
		{97FA9498-1242-46C4-BF11-46D898488C72}.Release|ARM.ActiveCfg = Release|Any CPU
		{97FA9498-1242-46C4-BF11-46D898488C72}.Release|ARM.Build.0 = Release|Any CPU
		{97FA9498-1242-46C4-BF11-46D898488C72}.Release|ARM.Deploy.0 = Release|Any CPU
		{97FA9498-1242-46C4-BF11-46D898488C72}.Release|iPhone.ActiveCfg = Release|Any CPU
		{97FA9498-1242-46C4-BF11-46D898488C72}.Release|iPhone.Build.0 = Release|Any CPU
		{97FA9498-1242-46C4-BF11-46D898488C72}.Release|iPhone.Deploy.0 = Release|Any CPU
		{97FA9498-1242-46C4-BF11-46D898488C72}.Release|iPhoneSimulator.ActiveCfg = Release|Any CPU
		{97FA9498-1242-46C4-BF11-46D898488C72}.Release|iPhoneSimulator.Build.0 = Release|Any CPU
		{97FA9498-1242-46C4-BF11-46D898488C72}.Release|iPhoneSimulator.Deploy.0 = Release|Any CPU
		{97FA9498-1242-46C4-BF11-46D898488C72}.Release|x64.ActiveCfg = Release|Any CPU
		{97FA9498-1242-46C4-BF11-46D898488C72}.Release|x64.Build.0 = Release|Any CPU
		{97FA9498-1242-46C4-BF11-46D898488C72}.Release|x64.Deploy.0 = Release|Any CPU
		{97FA9498-1242-46C4-BF11-46D898488C72}.Release|x86.ActiveCfg = Release|Any CPU
		{97FA9498-1242-46C4-BF11-46D898488C72}.Release|x86.Build.0 = Release|Any CPU
		{97FA9498-1242-46C4-BF11-46D898488C72}.Release|x86.Deploy.0 = Release|Any CPU
		{7AE1FC7F-B52E-4AEB-93DF-C4CB41A48001}.Debug|Any CPU.ActiveCfg = Debug|iPhoneSimulator
		{7AE1FC7F-B52E-4AEB-93DF-C4CB41A48001}.Debug|Any CPU.Build.0 = Debug|iPhoneSimulator
		{7AE1FC7F-B52E-4AEB-93DF-C4CB41A48001}.Debug|Any CPU.Deploy.0 = Debug|iPhoneSimulator
		{7AE1FC7F-B52E-4AEB-93DF-C4CB41A48001}.Debug|ARM.ActiveCfg = Debug|iPhone
		{7AE1FC7F-B52E-4AEB-93DF-C4CB41A48001}.Debug|ARM.Build.0 = Debug|iPhone
		{7AE1FC7F-B52E-4AEB-93DF-C4CB41A48001}.Debug|ARM.Deploy.0 = Debug|iPhone
		{7AE1FC7F-B52E-4AEB-93DF-C4CB41A48001}.Debug|iPhone.ActiveCfg = Debug|iPhone
		{7AE1FC7F-B52E-4AEB-93DF-C4CB41A48001}.Debug|iPhone.Build.0 = Debug|iPhone
		{7AE1FC7F-B52E-4AEB-93DF-C4CB41A48001}.Debug|iPhone.Deploy.0 = Debug|iPhone
		{7AE1FC7F-B52E-4AEB-93DF-C4CB41A48001}.Debug|iPhoneSimulator.ActiveCfg = Debug|iPhoneSimulator
		{7AE1FC7F-B52E-4AEB-93DF-C4CB41A48001}.Debug|iPhoneSimulator.Build.0 = Debug|iPhoneSimulator
		{7AE1FC7F-B52E-4AEB-93DF-C4CB41A48001}.Debug|iPhoneSimulator.Deploy.0 = Debug|iPhoneSimulator
		{7AE1FC7F-B52E-4AEB-93DF-C4CB41A48001}.Debug|x64.ActiveCfg = Debug|iPhoneSimulator
		{7AE1FC7F-B52E-4AEB-93DF-C4CB41A48001}.Debug|x64.Build.0 = Debug|iPhoneSimulator
		{7AE1FC7F-B52E-4AEB-93DF-C4CB41A48001}.Debug|x64.Deploy.0 = Debug|iPhoneSimulator
		{7AE1FC7F-B52E-4AEB-93DF-C4CB41A48001}.Debug|x86.ActiveCfg = Debug|iPhoneSimulator
		{7AE1FC7F-B52E-4AEB-93DF-C4CB41A48001}.Debug|x86.Build.0 = Debug|iPhoneSimulator
		{7AE1FC7F-B52E-4AEB-93DF-C4CB41A48001}.Debug|x86.Deploy.0 = Debug|iPhoneSimulator
		{7AE1FC7F-B52E-4AEB-93DF-C4CB41A48001}.Release|Any CPU.ActiveCfg = Release|iPhoneSimulator
		{7AE1FC7F-B52E-4AEB-93DF-C4CB41A48001}.Release|Any CPU.Build.0 = Release|iPhoneSimulator
		{7AE1FC7F-B52E-4AEB-93DF-C4CB41A48001}.Release|Any CPU.Deploy.0 = Release|iPhoneSimulator
		{7AE1FC7F-B52E-4AEB-93DF-C4CB41A48001}.Release|ARM.ActiveCfg = Release|iPhoneSimulator
		{7AE1FC7F-B52E-4AEB-93DF-C4CB41A48001}.Release|ARM.Build.0 = Release|iPhoneSimulator
		{7AE1FC7F-B52E-4AEB-93DF-C4CB41A48001}.Release|ARM.Deploy.0 = Release|iPhoneSimulator
		{7AE1FC7F-B52E-4AEB-93DF-C4CB41A48001}.Release|iPhone.ActiveCfg = Release|iPhone
		{7AE1FC7F-B52E-4AEB-93DF-C4CB41A48001}.Release|iPhone.Build.0 = Release|iPhone
		{7AE1FC7F-B52E-4AEB-93DF-C4CB41A48001}.Release|iPhone.Deploy.0 = Release|iPhone
		{7AE1FC7F-B52E-4AEB-93DF-C4CB41A48001}.Release|iPhoneSimulator.ActiveCfg = Release|iPhoneSimulator
		{7AE1FC7F-B52E-4AEB-93DF-C4CB41A48001}.Release|iPhoneSimulator.Build.0 = Release|iPhoneSimulator
		{7AE1FC7F-B52E-4AEB-93DF-C4CB41A48001}.Release|iPhoneSimulator.Deploy.0 = Release|iPhoneSimulator
		{7AE1FC7F-B52E-4AEB-93DF-C4CB41A48001}.Release|x64.ActiveCfg = Release|iPhoneSimulator
		{7AE1FC7F-B52E-4AEB-93DF-C4CB41A48001}.Release|x64.Build.0 = Release|iPhoneSimulator
		{7AE1FC7F-B52E-4AEB-93DF-C4CB41A48001}.Release|x64.Deploy.0 = Release|iPhoneSimulator
		{7AE1FC7F-B52E-4AEB-93DF-C4CB41A48001}.Release|x86.ActiveCfg = Release|iPhoneSimulator
		{7AE1FC7F-B52E-4AEB-93DF-C4CB41A48001}.Release|x86.Build.0 = Release|iPhoneSimulator
		{7AE1FC7F-B52E-4AEB-93DF-C4CB41A48001}.Release|x86.Deploy.0 = Release|iPhoneSimulator
		{400A5421-C860-4DE2-BD5D-DC351A2C8789}.Debug|Any CPU.ActiveCfg = Debug|Any CPU
		{400A5421-C860-4DE2-BD5D-DC351A2C8789}.Debug|Any CPU.Build.0 = Debug|Any CPU
		{400A5421-C860-4DE2-BD5D-DC351A2C8789}.Debug|Any CPU.Deploy.0 = Debug|Any CPU
		{400A5421-C860-4DE2-BD5D-DC351A2C8789}.Debug|ARM.ActiveCfg = Debug|Any CPU
		{400A5421-C860-4DE2-BD5D-DC351A2C8789}.Debug|ARM.Build.0 = Debug|Any CPU
		{400A5421-C860-4DE2-BD5D-DC351A2C8789}.Debug|ARM.Deploy.0 = Debug|Any CPU
		{400A5421-C860-4DE2-BD5D-DC351A2C8789}.Debug|iPhone.ActiveCfg = Debug|Any CPU
		{400A5421-C860-4DE2-BD5D-DC351A2C8789}.Debug|iPhone.Build.0 = Debug|Any CPU
		{400A5421-C860-4DE2-BD5D-DC351A2C8789}.Debug|iPhone.Deploy.0 = Debug|Any CPU
		{400A5421-C860-4DE2-BD5D-DC351A2C8789}.Debug|iPhoneSimulator.ActiveCfg = Debug|Any CPU
		{400A5421-C860-4DE2-BD5D-DC351A2C8789}.Debug|iPhoneSimulator.Build.0 = Debug|Any CPU
		{400A5421-C860-4DE2-BD5D-DC351A2C8789}.Debug|iPhoneSimulator.Deploy.0 = Debug|Any CPU
		{400A5421-C860-4DE2-BD5D-DC351A2C8789}.Debug|x64.ActiveCfg = Debug|Any CPU
		{400A5421-C860-4DE2-BD5D-DC351A2C8789}.Debug|x64.Build.0 = Debug|Any CPU
		{400A5421-C860-4DE2-BD5D-DC351A2C8789}.Debug|x64.Deploy.0 = Debug|Any CPU
		{400A5421-C860-4DE2-BD5D-DC351A2C8789}.Debug|x86.ActiveCfg = Debug|Any CPU
		{400A5421-C860-4DE2-BD5D-DC351A2C8789}.Debug|x86.Build.0 = Debug|Any CPU
		{400A5421-C860-4DE2-BD5D-DC351A2C8789}.Debug|x86.Deploy.0 = Debug|Any CPU
		{400A5421-C860-4DE2-BD5D-DC351A2C8789}.Release|Any CPU.ActiveCfg = Release|Any CPU
		{400A5421-C860-4DE2-BD5D-DC351A2C8789}.Release|Any CPU.Build.0 = Release|Any CPU
		{400A5421-C860-4DE2-BD5D-DC351A2C8789}.Release|Any CPU.Deploy.0 = Release|Any CPU
		{400A5421-C860-4DE2-BD5D-DC351A2C8789}.Release|ARM.ActiveCfg = Release|Any CPU
		{400A5421-C860-4DE2-BD5D-DC351A2C8789}.Release|ARM.Build.0 = Release|Any CPU
		{400A5421-C860-4DE2-BD5D-DC351A2C8789}.Release|ARM.Deploy.0 = Release|Any CPU
		{400A5421-C860-4DE2-BD5D-DC351A2C8789}.Release|iPhone.ActiveCfg = Release|Any CPU
		{400A5421-C860-4DE2-BD5D-DC351A2C8789}.Release|iPhone.Build.0 = Release|Any CPU
		{400A5421-C860-4DE2-BD5D-DC351A2C8789}.Release|iPhone.Deploy.0 = Release|Any CPU
		{400A5421-C860-4DE2-BD5D-DC351A2C8789}.Release|iPhoneSimulator.ActiveCfg = Release|Any CPU
		{400A5421-C860-4DE2-BD5D-DC351A2C8789}.Release|iPhoneSimulator.Build.0 = Release|Any CPU
		{400A5421-C860-4DE2-BD5D-DC351A2C8789}.Release|iPhoneSimulator.Deploy.0 = Release|Any CPU
		{400A5421-C860-4DE2-BD5D-DC351A2C8789}.Release|x64.ActiveCfg = Release|Any CPU
		{400A5421-C860-4DE2-BD5D-DC351A2C8789}.Release|x64.Build.0 = Release|Any CPU
		{400A5421-C860-4DE2-BD5D-DC351A2C8789}.Release|x64.Deploy.0 = Release|Any CPU
		{400A5421-C860-4DE2-BD5D-DC351A2C8789}.Release|x86.ActiveCfg = Release|Any CPU
		{400A5421-C860-4DE2-BD5D-DC351A2C8789}.Release|x86.Build.0 = Release|Any CPU
		{400A5421-C860-4DE2-BD5D-DC351A2C8789}.Release|x86.Deploy.0 = Release|Any CPU
	EndGlobalSection
	GlobalSection(SolutionProperties) = preSolution
		HideSolutionNode = FALSE
	EndGlobalSection
	GlobalSection(ExtensibilityGlobals) = postSolution
		SolutionGuid = {C1C1B03A-584A-40A6-ABCB-293CC43EA634}
	EndGlobalSection
EndGlobal
